
Microsoft Visual Studio Solution File, Format Version 12.00
# Visual Studio Version 17
VisualStudioVersion = 17.8.34330.188
MinimumVisualStudioVersion = 10.0.40219.1
Project("{FAE04EC0-301F-11D3-BF4B-00C04F79EFBC}") = "Minx.AgentOne", "Minx.AgentOne\Minx.AgentOne.csproj", "{FA3735A0-669F-40B3-B656-C1E2FEFC9317}"
EndProject
Global
	GlobalSection(SolutionConfigurationPlatforms) = preSolution
		Debug|Any CPU = Debug|Any CPU
		Release|Any CPU = Release|Any CPU
	EndGlobalSection
	GlobalSection(ProjectConfigurationPlatforms) = postSolution
		{FA3735A0-669F-40B3-B656-C1E2FEFC9317}.Debug|Any CPU.ActiveCfg = Debug|Any CPU
		{FA3735A0-669F-40B3-B656-C1E2FEFC9317}.Debug|Any CPU.Build.0 = Debug|Any CPU
		{FA3735A0-669F-40B3-B656-C1E2FEFC9317}.Release|Any CPU.ActiveCfg = Release|Any CPU
		{FA3735A0-669F-40B3-B656-C1E2FEFC9317}.Release|Any CPU.Build.0 = Release|Any CPU
	EndGlobalSection
	GlobalSection(SolutionProperties) = preSolution
		HideSolutionNode = FALSE
	EndGlobalSection
	GlobalSection(ExtensibilityGlobals) = postSolution
		SolutionGuid = {96FE5247-5DE6-4887-8843-0BBDA47E4739}
	EndGlobalSection
EndGlobal
